
Microsoft Visual Studio Solution File, Format Version 12.00
# Visual Studio Version 17
VisualStudioVersion = 17.4.33122.133
MinimumVisualStudioVersion = 10.0.40219.1
Project("{FAE04EC0-301F-11D3-BF4B-00C04F79EFBC}") = "LocoInfo", "LocoInfo\LocoInfo.csproj", "{75126A03-67FF-4BE8-B35A-D7CD1825BE77}"
EndProject
Global
	GlobalSection(SolutionConfigurationPlatforms) = preSolution
		Debug|Any CPU = Debug|Any CPU
		Release|Any CPU = Release|Any CPU
	EndGlobalSection
	GlobalSection(ProjectConfigurationPlatforms) = postSolution
		{75126A03-67FF-4BE8-B35A-D7CD1825BE77}.Debug|Any CPU.ActiveCfg = Debug|Any CPU
		{75126A03-67FF-4BE8-B35A-D7CD1825BE77}.Debug|Any CPU.Build.0 = Debug|Any CPU
		{75126A03-67FF-4BE8-B35A-D7CD1825BE77}.Release|Any CPU.ActiveCfg = Release|Any CPU
		{75126A03-67FF-4BE8-B35A-D7CD1825BE77}.Release|Any CPU.Build.0 = Release|Any CPU
	EndGlobalSection
	GlobalSection(SolutionProperties) = preSolution
		HideSolutionNode = FALSE
	EndGlobalSection
	GlobalSection(ExtensibilityGlobals) = postSolution
		SolutionGuid = {5291ED58-9CC9-43D9-961C-FE894CBFDE6F}
	EndGlobalSection
EndGlobal
